{
  "name": "setup-center-vault",
  "version": "1.0.0",
  "lockfileVersion": 3,
  "requires": true,
  "packages": {
    "": {
      "name": "setup-center-vault",
      "version": "1.0.0",
      "devDependencies": {
        "@cfworker/json-schema": "^2.0.1"
      }
    },
    "node_modules/@cfworker/json-schema": {
      "version": "2.0.1",
      "resolved": "https://registry.npmjs.org/@cfworker/json-schema/-/json-schema-2.0.1.tgz",
      "integrity": "sha512-4zT2K6v2T4uF8cE0iZzB3H+2sF1+6gB3A=",
      "dev": true
    }
  }
}
